
Microsoft Visual Studio Solution File, Format Version 12.00
# Visual Studio Version 16
VisualStudioVersion = 16.0.29123.88
MinimumVisualStudioVersion = 10.0.40219.1
Project("{8BC9CEB8-8B4A-11D0-8D11-00A0C91BC942}") = "04", "04.vcxproj", "{24D79C58-66A2-4CFC-8E55-CBE5A59ADB66}"
EndProject
Global
	GlobalSection(SolutionConfigurationPlatforms) = preSolution
		Debug|x64 = Debug|x64
		Debug|x86 = Debug|x86
		Release|x64 = Release|x64
		Release|x86 = Release|x86
	EndGlobalSection
	GlobalSection(ProjectConfigurationPlatforms) = postSolution
		{24D79C58-66A2-4CFC-8E55-CBE5A59ADB66}.Debug|x64.ActiveCfg = Debug|x64
		{24D79C58-66A2-4CFC-8E55-CBE5A59ADB66}.Debug|x64.Build.0 = Debug|x64
		{24D79C58-66A2-4CFC-8E55-CBE5A59ADB66}.Debug|x86.ActiveCfg = Debug|Win32
		{24D79C58-66A2-4CFC-8E55-CBE5A59ADB66}.Debug|x86.Build.0 = Debug|Win32
		{24D79C58-66A2-4CFC-8E55-CBE5A59ADB66}.Release|x64.ActiveCfg = Release|x64
		{24D79C58-66A2-4CFC-8E55-CBE5A59ADB66}.Release|x64.Build.0 = Release|x64
		{24D79C58-66A2-4CFC-8E55-CBE5A59ADB66}.Release|x86.ActiveCfg = Release|Win32
		{24D79C58-66A2-4CFC-8E55-CBE5A59ADB66}.Release|x86.Build.0 = Release|Win32
	EndGlobalSection
	GlobalSection(SolutionProperties) = preSolution
		HideSolutionNode = FALSE
	EndGlobalSection
	GlobalSection(ExtensibilityGlobals) = postSolution
		SolutionGuid = {DCE96CE1-8BBB-4B29-94BB-0E9F7C98E159}
	EndGlobalSection
EndGlobal
